
Microsoft Visual Studio Solution File, Format Version 12.00
# Visual Studio Version 17
VisualStudioVersion = 17.0.32126.317
MinimumVisualStudioVersion = 10.0.40219.1
Project("{FAE04EC0-301F-11D3-BF4B-00C04F79EFBC}") = "BloodBank_CervenyKriz", "BloodBank_CervenyKriz\BloodBank_CervenyKriz.csproj", "{0ED814A9-CE2A-46B3-9E6A-DE4175CF007E}"
EndProject
Global
	GlobalSection(SolutionConfigurationPlatforms) = preSolution
		Debug|Any CPU = Debug|Any CPU
		Release|Any CPU = Release|Any CPU
	EndGlobalSection
	GlobalSection(ProjectConfigurationPlatforms) = postSolution
		{0ED814A9-CE2A-46B3-9E6A-DE4175CF007E}.Debug|Any CPU.ActiveCfg = Debug|Any CPU
		{0ED814A9-CE2A-46B3-9E6A-DE4175CF007E}.Debug|Any CPU.Build.0 = Debug|Any CPU
		{0ED814A9-CE2A-46B3-9E6A-DE4175CF007E}.Release|Any CPU.ActiveCfg = Release|Any CPU
		{0ED814A9-CE2A-46B3-9E6A-DE4175CF007E}.Release|Any CPU.Build.0 = Release|Any CPU
	EndGlobalSection
	GlobalSection(SolutionProperties) = preSolution
		HideSolutionNode = FALSE
	EndGlobalSection
	GlobalSection(ExtensibilityGlobals) = postSolution
		SolutionGuid = {5C21F726-FC7C-4F97-8AAB-55C6FF886383}
	EndGlobalSection
EndGlobal
